FORGE
  remote: https://forgeapi.puppetlabs.com
  specs:
    acme-ohmyzsh (0.1.2)
      puppetlabs-stdlib (>= 0)
    example42-php (2.0.19)
      example42-puppi (>= 2.0.0)
    example42-puppi (2.1.10)
    maestrodev-wget (1.5.7)
    nanliu-staging (1.0.3)
    puppetlabs-apt (1.7.0)
      puppetlabs-stdlib (>= 2.2.1)
    puppetlabs-inifile (1.2.0)
    puppetlabs-mongodb (0.10.0)
      puppetlabs-apt (< 2.0.0, >= 1.0.0)
      puppetlabs-stdlib (< 5.0.0, >= 2.2.0)
    puppetlabs-mysql (3.1.0)
      nanliu-staging (~> 1.0)
      puppetlabs-stdlib (>= 3.2.0)
    puppetlabs-nodejs (0.7.1)
      puppetlabs-apt (>= 0.0.3)
      puppetlabs-stdlib (>= 2.0.0)
    puppetlabs-ruby (0.4.0)
      puppetlabs-stdlib (< 5.0.0, >= 3.2.0)
    puppetlabs-stdlib (4.5.1)
    willdurand-composer (1.1.0)
      maestrodev-wget (>= 1.2.0)

DEPENDENCIES
  acme-ohmyzsh (>= 0)
  example42-php (>= 0)
  puppetlabs-apt (>= 0)
  puppetlabs-inifile (>= 0)
  puppetlabs-mongodb (>= 0)
  puppetlabs-mysql (>= 0)
  puppetlabs-nodejs (>= 0)
  puppetlabs-ruby (>= 0)
  puppetlabs-stdlib (>= 0)
  willdurand-composer (>= 0)

